
Microsoft Visual Studio Solution File, Format Version 12.00
# Visual Studio Version 17
VisualStudioVersion = 17.2.32526.322
MinimumVisualStudioVersion = 10.0.40219.1
Project("{54A90642-561A-4BB1-A94E-469ADEE60C69}") = "AnkiFrontEnd", "AnkiFrontEnd\AnkiFrontEnd.esproj", "{9D1D9942-A61C-4DED-96EE-4E63EA01E64D}"
EndProject
Project("{FAE04EC0-301F-11D3-BF4B-00C04F79EFBC}") = "AnkiBackEnd", "AnkiBackEnd\AnkiBackEnd.csproj", "{E9BD5DE7-1399-4EA3-8CF1-2BC632F98EF7}"
EndProject
Global
	GlobalSection(SolutionConfigurationPlatforms) = preSolution
		Debug|Any CPU = Debug|Any CPU
		Release|Any CPU = Release|Any CPU
	EndGlobalSection
	GlobalSection(ProjectConfigurationPlatforms) = postSolution
		{9D1D9942-A61C-4DED-96EE-4E63EA01E64D}.Debug|Any CPU.ActiveCfg = Debug|Any CPU
		{9D1D9942-A61C-4DED-96EE-4E63EA01E64D}.Debug|Any CPU.Build.0 = Debug|Any CPU
		{9D1D9942-A61C-4DED-96EE-4E63EA01E64D}.Debug|Any CPU.Deploy.0 = Debug|Any CPU
		{9D1D9942-A61C-4DED-96EE-4E63EA01E64D}.Release|Any CPU.ActiveCfg = Release|Any CPU
		{9D1D9942-A61C-4DED-96EE-4E63EA01E64D}.Release|Any CPU.Build.0 = Release|Any CPU
		{9D1D9942-A61C-4DED-96EE-4E63EA01E64D}.Release|Any CPU.Deploy.0 = Release|Any CPU
		{E9BD5DE7-1399-4EA3-8CF1-2BC632F98EF7}.Debug|Any CPU.ActiveCfg = Debug|Any CPU
		{E9BD5DE7-1399-4EA3-8CF1-2BC632F98EF7}.Debug|Any CPU.Build.0 = Debug|Any CPU
		{E9BD5DE7-1399-4EA3-8CF1-2BC632F98EF7}.Release|Any CPU.ActiveCfg = Release|Any CPU
		{E9BD5DE7-1399-4EA3-8CF1-2BC632F98EF7}.Release|Any CPU.Build.0 = Release|Any CPU
	EndGlobalSection
	GlobalSection(SolutionProperties) = preSolution
		HideSolutionNode = FALSE
	EndGlobalSection
	GlobalSection(ExtensibilityGlobals) = postSolution
		SolutionGuid = {C0788183-905B-4B90-9D5B-4894F8FD7C03}
	EndGlobalSection
EndGlobal
